
Microsoft Visual Studio Solution File, Format Version 12.00
# Visual Studio 15
VisualStudioVersion = 15.0.28307.852
MinimumVisualStudioVersion = 10.0.40219.1
Project("{FAE04EC0-301F-11D3-BF4B-00C04F79EFBC}") = "AppFigury", "AppFigury\AppFigury.csproj", "{78D4CEAE-7FCD-4334-8C1D-596AEDF6F2DB}"
EndProject
Global
	GlobalSection(SolutionConfigurationPlatforms) = preSolution
		Debug|Any CPU = Debug|Any CPU
		Release|Any CPU = Release|Any CPU
	EndGlobalSection
	GlobalSection(ProjectConfigurationPlatforms) = postSolution
		{78D4CEAE-7FCD-4334-8C1D-596AEDF6F2DB}.Debug|Any CPU.ActiveCfg = Debug|Any CPU
		{78D4CEAE-7FCD-4334-8C1D-596AEDF6F2DB}.Debug|Any CPU.Build.0 = Debug|Any CPU
		{78D4CEAE-7FCD-4334-8C1D-596AEDF6F2DB}.Release|Any CPU.ActiveCfg = Release|Any CPU
		{78D4CEAE-7FCD-4334-8C1D-596AEDF6F2DB}.Release|Any CPU.Build.0 = Release|Any CPU
	EndGlobalSection
	GlobalSection(SolutionProperties) = preSolution
		HideSolutionNode = FALSE
	EndGlobalSection
	GlobalSection(ExtensibilityGlobals) = postSolution
		SolutionGuid = {F556A320-8148-475B-A959-984A1AD8932D}
	EndGlobalSection
EndGlobal
